
Microsoft Visual Studio Solution File, Format Version 12.00
Project("{FAE04EC0-301F-11D3-BF4B-00C04F79EFBC}") = "Tomb of the mask", "Tomb of the mask\Tomb of the mask.csproj", "{3518EBA3-86B9-438F-B3EC-4634B5CD969E}"
EndProject
Global
	GlobalSection(SolutionConfigurationPlatforms) = preSolution
		Debug|Any CPU = Debug|Any CPU
		Release|Any CPU = Release|Any CPU
	EndGlobalSection
	GlobalSection(ProjectConfigurationPlatforms) = postSolution
		{3518EBA3-86B9-438F-B3EC-4634B5CD969E}.Debug|Any CPU.ActiveCfg = Debug|Any CPU
		{3518EBA3-86B9-438F-B3EC-4634B5CD969E}.Debug|Any CPU.Build.0 = Debug|Any CPU
		{3518EBA3-86B9-438F-B3EC-4634B5CD969E}.Release|Any CPU.ActiveCfg = Release|Any CPU
		{3518EBA3-86B9-438F-B3EC-4634B5CD969E}.Release|Any CPU.Build.0 = Release|Any CPU
	EndGlobalSection
EndGlobal
